
Microsoft Visual Studio Solution File, Format Version 12.00
# Visual Studio 2013
VisualStudioVersion = 12.0.31101.0
MinimumVisualStudioVersion = 10.0.40219.1
Project("{FAE04EC0-301F-11D3-BF4B-00C04F79EFBC}") = "Task1", "Task1\Task1.csproj", "{25CE2151-1281-4577-B732-35860AB0EF1C}"
EndProject
Project("{FAE04EC0-301F-11D3-BF4B-00C04F79EFBC}") = "DataAccess", "DataAccess\DataAccess.csproj", "{F7FC0C00-21AD-4F18-B60F-EBB8E41A26DA}"
EndProject
Project("{FAE04EC0-301F-11D3-BF4B-00C04F79EFBC}") = "Configuration", "Configuration\Configuration.csproj", "{A5FCE370-4161-4FFD-BBA1-4020026BD347}"
EndProject
Project("{FAE04EC0-301F-11D3-BF4B-00C04F79EFBC}") = "ORMMapper", "ORMMapper\ORMMapper.csproj", "{B172CA79-4C0F-481B-BEEE-CD4E31A79FF9}"
EndProject
Project("{FAE04EC0-301F-11D3-BF4B-00C04F79EFBC}") = "Infrastructure", "Infrastructure\Infrastructure.csproj", "{6B527B33-235C-4834-A83C-EAB11066BE65}"
EndProject
Global
	GlobalSection(SolutionConfigurationPlatforms) = preSolution
		Debug|Any CPU = Debug|Any CPU
		Release|Any CPU = Release|Any CPU
	EndGlobalSection
	GlobalSection(ProjectConfigurationPlatforms) = postSolution
		{25CE2151-1281-4577-B732-35860AB0EF1C}.Debug|Any CPU.ActiveCfg = Debug|Any CPU
		{25CE2151-1281-4577-B732-35860AB0EF1C}.Debug|Any CPU.Build.0 = Debug|Any CPU
		{25CE2151-1281-4577-B732-35860AB0EF1C}.Release|Any CPU.ActiveCfg = Release|Any CPU
		{25CE2151-1281-4577-B732-35860AB0EF1C}.Release|Any CPU.Build.0 = Release|Any CPU
		{F7FC0C00-21AD-4F18-B60F-EBB8E41A26DA}.Debug|Any CPU.ActiveCfg = Debug|Any CPU
		{F7FC0C00-21AD-4F18-B60F-EBB8E41A26DA}.Debug|Any CPU.Build.0 = Debug|Any CPU
		{F7FC0C00-21AD-4F18-B60F-EBB8E41A26DA}.Release|Any CPU.ActiveCfg = Release|Any CPU
		{F7FC0C00-21AD-4F18-B60F-EBB8E41A26DA}.Release|Any CPU.Build.0 = Release|Any CPU
		{A5FCE370-4161-4FFD-BBA1-4020026BD347}.Debug|Any CPU.ActiveCfg = Debug|Any CPU
		{A5FCE370-4161-4FFD-BBA1-4020026BD347}.Debug|Any CPU.Build.0 = Debug|Any CPU
		{A5FCE370-4161-4FFD-BBA1-4020026BD347}.Release|Any CPU.ActiveCfg = Release|Any CPU
		{A5FCE370-4161-4FFD-BBA1-4020026BD347}.Release|Any CPU.Build.0 = Release|Any CPU
		{B172CA79-4C0F-481B-BEEE-CD4E31A79FF9}.Debug|Any CPU.ActiveCfg = Debug|Any CPU
		{B172CA79-4C0F-481B-BEEE-CD4E31A79FF9}.Debug|Any CPU.Build.0 = Debug|Any CPU
		{B172CA79-4C0F-481B-BEEE-CD4E31A79FF9}.Release|Any CPU.ActiveCfg = Release|Any CPU
		{B172CA79-4C0F-481B-BEEE-CD4E31A79FF9}.Release|Any CPU.Build.0 = Release|Any CPU
		{6B527B33-235C-4834-A83C-EAB11066BE65}.Debug|Any CPU.ActiveCfg = Debug|Any CPU
		{6B527B33-235C-4834-A83C-EAB11066BE65}.Debug|Any CPU.Build.0 = Debug|Any CPU
		{6B527B33-235C-4834-A83C-EAB11066BE65}.Release|Any CPU.ActiveCfg = Release|Any CPU
		{6B527B33-235C-4834-A83C-EAB11066BE65}.Release|Any CPU.Build.0 = Release|Any CPU
	EndGlobalSection
	GlobalSection(SolutionProperties) = preSolution
		HideSolutionNode = FALSE
	EndGlobalSection
EndGlobal
